
Microsoft Visual Studio Solution File, Format Version 12.00
# Visual Studio 15
VisualStudioVersion = 15.0.28307.1022
MinimumVisualStudioVersion = 10.0.40219.1
Project("{FAE04EC0-301F-11D3-BF4B-00C04F79EFBC}") = "NoQuieroMatricularmeConTerminal.Desktop", "NoQuieroMatricularmeConTerminal.Desktop\NoQuieroMatricularmeConTerminal.Desktop.csproj", "{93CA52EB-EDC8-4FAA-80C2-C779FFA501A9}"
EndProject
Global
	GlobalSection(SolutionConfigurationPlatforms) = preSolution
		Debug|Any CPU = Debug|Any CPU
		Release|Any CPU = Release|Any CPU
	EndGlobalSection
	GlobalSection(ProjectConfigurationPlatforms) = postSolution
		{93CA52EB-EDC8-4FAA-80C2-C779FFA501A9}.Debug|Any CPU.ActiveCfg = Debug|Any CPU
		{93CA52EB-EDC8-4FAA-80C2-C779FFA501A9}.Debug|Any CPU.Build.0 = Debug|Any CPU
		{93CA52EB-EDC8-4FAA-80C2-C779FFA501A9}.Release|Any CPU.ActiveCfg = Release|Any CPU
		{93CA52EB-EDC8-4FAA-80C2-C779FFA501A9}.Release|Any CPU.Build.0 = Release|Any CPU
	EndGlobalSection
	GlobalSection(SolutionProperties) = preSolution
		HideSolutionNode = FALSE
	EndGlobalSection
	GlobalSection(ExtensibilityGlobals) = postSolution
		SolutionGuid = {E203187F-C26B-4F50-A092-9E19FAE354BB}
	EndGlobalSection
EndGlobal
